
Microsoft Visual Studio Solution File, Format Version 12.00
# Visual Studio Version 17
VisualStudioVersion = 17.7.34031.279
MinimumVisualStudioVersion = 10.0.40219.1
Project("{9A19103F-16F7-4668-BE54-9A1E7A4F7556}") = "AdventOfCode", "AdventOfCode\AdventOfCode.csproj", "{362A1597-5056-4C97-BE11-6D91E3ADAD4F}"
EndProject
Project("{9A19103F-16F7-4668-BE54-9A1E7A4F7556}") = "Base", "Base\Base.csproj", "{AADFDBE9-3962-47FB-91A8-4BA57BA560D2}"
EndProject
Project("{9A19103F-16F7-4668-BE54-9A1E7A4F7556}") = "Day1", "2022\Day1\Day1.csproj", "{0AE04A89-2910-4108-9D34-C0359CC6F2DF}"
EndProject
Project("{9A19103F-16F7-4668-BE54-9A1E7A4F7556}") = "Day2", "2022\Day2\Day2.csproj", "{D2E4A19E-1CF3-4DD5-BCE4-5253990F93F0}"
EndProject
Project("{9A19103F-16F7-4668-BE54-9A1E7A4F7556}") = "Day3", "2022\Day3\Day3.csproj", "{55E1CC14-0AA6-4B44-A6D5-CF8894A228C6}"
EndProject
Project("{9A19103F-16F7-4668-BE54-9A1E7A4F7556}") = "Day4", "2022\Day4\Day4.csproj", "{63310A2F-D049-459A-B0DF-2867AD943A8D}"
EndProject
Project("{9A19103F-16F7-4668-BE54-9A1E7A4F7556}") = "Day5", "2022\Day5\Day5.csproj", "{4B927492-D2A3-4293-9EF9-10D61F995E2D}"
EndProject
Project("{9A19103F-16F7-4668-BE54-9A1E7A4F7556}") = "Day6", "2022\Day6\Day6.csproj", "{1A6B5D46-7EDA-4E2A-B9A6-1ABA8C93C388}"
EndProject
Project("{9A19103F-16F7-4668-BE54-9A1E7A4F7556}") = "Day7", "2022\Day7\Day7.csproj", "{CD030BE2-46DC-4A86-9BDB-02B2D7C40537}"
EndProject
Project("{9A19103F-16F7-4668-BE54-9A1E7A4F7556}") = "Day9", "2022\Day9\Day9.csproj", "{4CD06A31-2FDE-42A7-B283-A0301BE13F68}"
EndProject
Project("{9A19103F-16F7-4668-BE54-9A1E7A4F7556}") = "Day8", "2022\Day8\Day8.csproj", "{EFB00C35-4DA5-4397-8199-F06210FD8CD2}"
EndProject
Project("{9A19103F-16F7-4668-BE54-9A1E7A4F7556}") = "Day10", "2022\Day10\Day10.csproj", "{DE56290B-DE61-4798-AFBB-892B0D400CF9}"
EndProject
Project("{9A19103F-16F7-4668-BE54-9A1E7A4F7556}") = "Day11", "2022\Day11\Day11.csproj", "{10DACFA6-578E-4D23-929D-F0CB58EB8945}"
EndProject
Project("{9A19103F-16F7-4668-BE54-9A1E7A4F7556}") = "Day12", "2022\Day12\Day12.csproj", "{59D7BAE3-E52F-4242-8587-D34E8F4E6385}"
EndProject
Project("{9A19103F-16F7-4668-BE54-9A1E7A4F7556}") = "Day13", "2022\Day13\Day13.csproj", "{4F5508A2-A2E2-428C-A21A-E52E6FB31C88}"
EndProject
Project("{9A19103F-16F7-4668-BE54-9A1E7A4F7556}") = "Day14", "2022\Day14\Day14.csproj", "{6E3ADF0B-2ED3-46A2-9E04-EEC0BC38E786}"
EndProject
Project("{2150E333-8FDC-42A3-9474-1A3956D46DE8}") = "2022", "2022", "{60C9583F-73E2-4C14-8FCF-A5AF3FD674BA}"
EndProject
Project("{2150E333-8FDC-42A3-9474-1A3956D46DE8}") = "2023", "2023", "{ED8ED56B-AB05-4E9B-A49E-2DDE2FE731AA}"
EndProject
Project("{9A19103F-16F7-4668-BE54-9A1E7A4F7556}") = "Day1", "2023\Day1\Day1.csproj", "{66472D9D-A59B-4FD3-A6E1-299DD432C0B5}"
EndProject
Project("{9A19103F-16F7-4668-BE54-9A1E7A4F7556}") = "Day2", "2023\Day2\Day2.csproj", "{1E96B77E-3EE1-43FB-B372-F41C65898302}"
EndProject
Project("{9A19103F-16F7-4668-BE54-9A1E7A4F7556}") = "Day3", "2023\Day3\Day3.csproj", "{15CDF46C-9B68-44A7-B89B-02377778B323}"
EndProject
Project("{9A19103F-16F7-4668-BE54-9A1E7A4F7556}") = "Day4", "2023\Day4\Day4.csproj", "{29FC6C59-3624-4605-91D9-3C4780509B38}"
EndProject
Project("{9A19103F-16F7-4668-BE54-9A1E7A4F7556}") = "Day5", "2023\Day5\Day5.csproj", "{A2D41154-66B6-41BF-8889-4338F9687FAA}"
EndProject
Project("{9A19103F-16F7-4668-BE54-9A1E7A4F7556}") = "Day6", "2023\Day6\Day6.csproj", "{3849ADD7-F1E8-4F1D-8B62-E163B316E58E}"
EndProject
Project("{9A19103F-16F7-4668-BE54-9A1E7A4F7556}") = "Day7", "2023\Day7\Day7.csproj", "{75F2B1B5-6183-4B5F-A41F-5D0106484E4E}"
EndProject
Project("{9A19103F-16F7-4668-BE54-9A1E7A4F7556}") = "Day8", "2023\Day8\Day8.csproj", "{E9C1C788-CBBB-46E1-80BB-6EB02498CB1B}"
EndProject
Project("{9A19103F-16F7-4668-BE54-9A1E7A4F7556}") = "Day9", "2023\Day9\Day9.csproj", "{DB5C5EFF-2DC4-46CB-8829-6A53C8EF3E28}"
EndProject
Project("{9A19103F-16F7-4668-BE54-9A1E7A4F7556}") = "Day10", "2023\Day10\Day10.csproj", "{4190857A-0151-4502-9899-15A1D01B4AD8}"
EndProject
Project("{FAE04EC0-301F-11D3-BF4B-00C04F79EFBC}") = "Day11", "2023\Day11\Day11.csproj", "{554400A3-576B-45C0-915D-3CC88FD63A6E}"
EndProject
Global
	GlobalSection(SolutionConfigurationPlatforms) = preSolution
		Debug|Any CPU = Debug|Any CPU
		Release|Any CPU = Release|Any CPU
	EndGlobalSection
	GlobalSection(ProjectConfigurationPlatforms) = postSolution
		{362A1597-5056-4C97-BE11-6D91E3ADAD4F}.Debug|Any CPU.ActiveCfg = Debug|Any CPU
		{362A1597-5056-4C97-BE11-6D91E3ADAD4F}.Debug|Any CPU.Build.0 = Debug|Any CPU
		{362A1597-5056-4C97-BE11-6D91E3ADAD4F}.Release|Any CPU.ActiveCfg = Release|Any CPU
		{362A1597-5056-4C97-BE11-6D91E3ADAD4F}.Release|Any CPU.Build.0 = Release|Any CPU
		{AADFDBE9-3962-47FB-91A8-4BA57BA560D2}.Debug|Any CPU.ActiveCfg = Debug|Any CPU
		{AADFDBE9-3962-47FB-91A8-4BA57BA560D2}.Debug|Any CPU.Build.0 = Debug|Any CPU
		{AADFDBE9-3962-47FB-91A8-4BA57BA560D2}.Release|Any CPU.ActiveCfg = Release|Any CPU
		{AADFDBE9-3962-47FB-91A8-4BA57BA560D2}.Release|Any CPU.Build.0 = Release|Any CPU
		{0AE04A89-2910-4108-9D34-C0359CC6F2DF}.Debug|Any CPU.ActiveCfg = Debug|Any CPU
		{0AE04A89-2910-4108-9D34-C0359CC6F2DF}.Debug|Any CPU.Build.0 = Debug|Any CPU
		{0AE04A89-2910-4108-9D34-C0359CC6F2DF}.Release|Any CPU.ActiveCfg = Release|Any CPU
		{0AE04A89-2910-4108-9D34-C0359CC6F2DF}.Release|Any CPU.Build.0 = Release|Any CPU
		{D2E4A19E-1CF3-4DD5-BCE4-5253990F93F0}.Debug|Any CPU.ActiveCfg = Debug|Any CPU
		{D2E4A19E-1CF3-4DD5-BCE4-5253990F93F0}.Debug|Any CPU.Build.0 = Debug|Any CPU
		{D2E4A19E-1CF3-4DD5-BCE4-5253990F93F0}.Release|Any CPU.ActiveCfg = Release|Any CPU
		{D2E4A19E-1CF3-4DD5-BCE4-5253990F93F0}.Release|Any CPU.Build.0 = Release|Any CPU
		{55E1CC14-0AA6-4B44-A6D5-CF8894A228C6}.Debug|Any CPU.ActiveCfg = Debug|Any CPU
		{55E1CC14-0AA6-4B44-A6D5-CF8894A228C6}.Debug|Any CPU.Build.0 = Debug|Any CPU
		{55E1CC14-0AA6-4B44-A6D5-CF8894A228C6}.Release|Any CPU.ActiveCfg = Release|Any CPU
		{55E1CC14-0AA6-4B44-A6D5-CF8894A228C6}.Release|Any CPU.Build.0 = Release|Any CPU
		{63310A2F-D049-459A-B0DF-2867AD943A8D}.Debug|Any CPU.ActiveCfg = Debug|Any CPU
		{63310A2F-D049-459A-B0DF-2867AD943A8D}.Debug|Any CPU.Build.0 = Debug|Any CPU
		{63310A2F-D049-459A-B0DF-2867AD943A8D}.Release|Any CPU.ActiveCfg = Release|Any CPU
		{63310A2F-D049-459A-B0DF-2867AD943A8D}.Release|Any CPU.Build.0 = Release|Any CPU
		{4B927492-D2A3-4293-9EF9-10D61F995E2D}.Debug|Any CPU.ActiveCfg = Debug|Any CPU
		{4B927492-D2A3-4293-9EF9-10D61F995E2D}.Debug|Any CPU.Build.0 = Debug|Any CPU
		{4B927492-D2A3-4293-9EF9-10D61F995E2D}.Release|Any CPU.ActiveCfg = Release|Any CPU
		{4B927492-D2A3-4293-9EF9-10D61F995E2D}.Release|Any CPU.Build.0 = Release|Any CPU
		{1A6B5D46-7EDA-4E2A-B9A6-1ABA8C93C388}.Debug|Any CPU.ActiveCfg = Debug|Any CPU
		{1A6B5D46-7EDA-4E2A-B9A6-1ABA8C93C388}.Debug|Any CPU.Build.0 = Debug|Any CPU
		{1A6B5D46-7EDA-4E2A-B9A6-1ABA8C93C388}.Release|Any CPU.ActiveCfg = Release|Any CPU
		{1A6B5D46-7EDA-4E2A-B9A6-1ABA8C93C388}.Release|Any CPU.Build.0 = Release|Any CPU
		{CD030BE2-46DC-4A86-9BDB-02B2D7C40537}.Debug|Any CPU.ActiveCfg = Debug|Any CPU
		{CD030BE2-46DC-4A86-9BDB-02B2D7C40537}.Debug|Any CPU.Build.0 = Debug|Any CPU
		{CD030BE2-46DC-4A86-9BDB-02B2D7C40537}.Release|Any CPU.ActiveCfg = Release|Any CPU
		{CD030BE2-46DC-4A86-9BDB-02B2D7C40537}.Release|Any CPU.Build.0 = Release|Any CPU
		{4CD06A31-2FDE-42A7-B283-A0301BE13F68}.Debug|Any CPU.ActiveCfg = Debug|Any CPU
		{4CD06A31-2FDE-42A7-B283-A0301BE13F68}.Debug|Any CPU.Build.0 = Debug|Any CPU
		{4CD06A31-2FDE-42A7-B283-A0301BE13F68}.Release|Any CPU.ActiveCfg = Release|Any CPU
		{4CD06A31-2FDE-42A7-B283-A0301BE13F68}.Release|Any CPU.Build.0 = Release|Any CPU
		{EFB00C35-4DA5-4397-8199-F06210FD8CD2}.Debug|Any CPU.ActiveCfg = Debug|Any CPU
		{EFB00C35-4DA5-4397-8199-F06210FD8CD2}.Debug|Any CPU.Build.0 = Debug|Any CPU
		{EFB00C35-4DA5-4397-8199-F06210FD8CD2}.Release|Any CPU.ActiveCfg = Release|Any CPU
		{EFB00C35-4DA5-4397-8199-F06210FD8CD2}.Release|Any CPU.Build.0 = Release|Any CPU
		{DE56290B-DE61-4798-AFBB-892B0D400CF9}.Debug|Any CPU.ActiveCfg = Debug|Any CPU
		{DE56290B-DE61-4798-AFBB-892B0D400CF9}.Debug|Any CPU.Build.0 = Debug|Any CPU
		{DE56290B-DE61-4798-AFBB-892B0D400CF9}.Release|Any CPU.ActiveCfg = Release|Any CPU
		{DE56290B-DE61-4798-AFBB-892B0D400CF9}.Release|Any CPU.Build.0 = Release|Any CPU
		{10DACFA6-578E-4D23-929D-F0CB58EB8945}.Debug|Any CPU.ActiveCfg = Debug|Any CPU
		{10DACFA6-578E-4D23-929D-F0CB58EB8945}.Debug|Any CPU.Build.0 = Debug|Any CPU
		{10DACFA6-578E-4D23-929D-F0CB58EB8945}.Release|Any CPU.ActiveCfg = Release|Any CPU
		{10DACFA6-578E-4D23-929D-F0CB58EB8945}.Release|Any CPU.Build.0 = Release|Any CPU
		{59D7BAE3-E52F-4242-8587-D34E8F4E6385}.Debug|Any CPU.ActiveCfg = Debug|Any CPU
		{59D7BAE3-E52F-4242-8587-D34E8F4E6385}.Debug|Any CPU.Build.0 = Debug|Any CPU
		{59D7BAE3-E52F-4242-8587-D34E8F4E6385}.Release|Any CPU.ActiveCfg = Release|Any CPU
		{59D7BAE3-E52F-4242-8587-D34E8F4E6385}.Release|Any CPU.Build.0 = Release|Any CPU
		{4F5508A2-A2E2-428C-A21A-E52E6FB31C88}.Debug|Any CPU.ActiveCfg = Debug|Any CPU
		{4F5508A2-A2E2-428C-A21A-E52E6FB31C88}.Debug|Any CPU.Build.0 = Debug|Any CPU
		{4F5508A2-A2E2-428C-A21A-E52E6FB31C88}.Release|Any CPU.ActiveCfg = Release|Any CPU
		{4F5508A2-A2E2-428C-A21A-E52E6FB31C88}.Release|Any CPU.Build.0 = Release|Any CPU
		{6E3ADF0B-2ED3-46A2-9E04-EEC0BC38E786}.Debug|Any CPU.ActiveCfg = Debug|Any CPU
		{6E3ADF0B-2ED3-46A2-9E04-EEC0BC38E786}.Debug|Any CPU.Build.0 = Debug|Any CPU
		{6E3ADF0B-2ED3-46A2-9E04-EEC0BC38E786}.Release|Any CPU.ActiveCfg = Release|Any CPU
		{6E3ADF0B-2ED3-46A2-9E04-EEC0BC38E786}.Release|Any CPU.Build.0 = Release|Any CPU
		{66472D9D-A59B-4FD3-A6E1-299DD432C0B5}.Debug|Any CPU.ActiveCfg = Debug|Any CPU
		{66472D9D-A59B-4FD3-A6E1-299DD432C0B5}.Debug|Any CPU.Build.0 = Debug|Any CPU
		{66472D9D-A59B-4FD3-A6E1-299DD432C0B5}.Release|Any CPU.ActiveCfg = Release|Any CPU
		{66472D9D-A59B-4FD3-A6E1-299DD432C0B5}.Release|Any CPU.Build.0 = Release|Any CPU
		{1E96B77E-3EE1-43FB-B372-F41C65898302}.Debug|Any CPU.ActiveCfg = Debug|Any CPU
		{1E96B77E-3EE1-43FB-B372-F41C65898302}.Debug|Any CPU.Build.0 = Debug|Any CPU
		{1E96B77E-3EE1-43FB-B372-F41C65898302}.Release|Any CPU.ActiveCfg = Release|Any CPU
		{1E96B77E-3EE1-43FB-B372-F41C65898302}.Release|Any CPU.Build.0 = Release|Any CPU
		{15CDF46C-9B68-44A7-B89B-02377778B323}.Debug|Any CPU.ActiveCfg = Debug|Any CPU
		{15CDF46C-9B68-44A7-B89B-02377778B323}.Debug|Any CPU.Build.0 = Debug|Any CPU
		{15CDF46C-9B68-44A7-B89B-02377778B323}.Release|Any CPU.ActiveCfg = Release|Any CPU
		{15CDF46C-9B68-44A7-B89B-02377778B323}.Release|Any CPU.Build.0 = Release|Any CPU
		{29FC6C59-3624-4605-91D9-3C4780509B38}.Debug|Any CPU.ActiveCfg = Debug|Any CPU
		{29FC6C59-3624-4605-91D9-3C4780509B38}.Debug|Any CPU.Build.0 = Debug|Any CPU
		{29FC6C59-3624-4605-91D9-3C4780509B38}.Release|Any CPU.ActiveCfg = Release|Any CPU
		{29FC6C59-3624-4605-91D9-3C4780509B38}.Release|Any CPU.Build.0 = Release|Any CPU
		{A2D41154-66B6-41BF-8889-4338F9687FAA}.Debug|Any CPU.ActiveCfg = Debug|Any CPU
		{A2D41154-66B6-41BF-8889-4338F9687FAA}.Debug|Any CPU.Build.0 = Debug|Any CPU
		{A2D41154-66B6-41BF-8889-4338F9687FAA}.Release|Any CPU.ActiveCfg = Release|Any CPU
		{A2D41154-66B6-41BF-8889-4338F9687FAA}.Release|Any CPU.Build.0 = Release|Any CPU
		{3849ADD7-F1E8-4F1D-8B62-E163B316E58E}.Debug|Any CPU.ActiveCfg = Debug|Any CPU
		{3849ADD7-F1E8-4F1D-8B62-E163B316E58E}.Debug|Any CPU.Build.0 = Debug|Any CPU
		{3849ADD7-F1E8-4F1D-8B62-E163B316E58E}.Release|Any CPU.ActiveCfg = Release|Any CPU
		{3849ADD7-F1E8-4F1D-8B62-E163B316E58E}.Release|Any CPU.Build.0 = Release|Any CPU
		{75F2B1B5-6183-4B5F-A41F-5D0106484E4E}.Debug|Any CPU.ActiveCfg = Debug|Any CPU
		{75F2B1B5-6183-4B5F-A41F-5D0106484E4E}.Debug|Any CPU.Build.0 = Debug|Any CPU
		{75F2B1B5-6183-4B5F-A41F-5D0106484E4E}.Release|Any CPU.ActiveCfg = Release|Any CPU
		{75F2B1B5-6183-4B5F-A41F-5D0106484E4E}.Release|Any CPU.Build.0 = Release|Any CPU
		{E9C1C788-CBBB-46E1-80BB-6EB02498CB1B}.Debug|Any CPU.ActiveCfg = Debug|Any CPU
		{E9C1C788-CBBB-46E1-80BB-6EB02498CB1B}.Debug|Any CPU.Build.0 = Debug|Any CPU
		{E9C1C788-CBBB-46E1-80BB-6EB02498CB1B}.Release|Any CPU.ActiveCfg = Release|Any CPU
		{E9C1C788-CBBB-46E1-80BB-6EB02498CB1B}.Release|Any CPU.Build.0 = Release|Any CPU
		{DB5C5EFF-2DC4-46CB-8829-6A53C8EF3E28}.Debug|Any CPU.ActiveCfg = Debug|Any CPU
		{DB5C5EFF-2DC4-46CB-8829-6A53C8EF3E28}.Debug|Any CPU.Build.0 = Debug|Any CPU
		{DB5C5EFF-2DC4-46CB-8829-6A53C8EF3E28}.Release|Any CPU.ActiveCfg = Release|Any CPU
		{DB5C5EFF-2DC4-46CB-8829-6A53C8EF3E28}.Release|Any CPU.Build.0 = Release|Any CPU
		{4190857A-0151-4502-9899-15A1D01B4AD8}.Debug|Any CPU.ActiveCfg = Debug|Any CPU
		{4190857A-0151-4502-9899-15A1D01B4AD8}.Debug|Any CPU.Build.0 = Debug|Any CPU
		{4190857A-0151-4502-9899-15A1D01B4AD8}.Release|Any CPU.ActiveCfg = Release|Any CPU
		{4190857A-0151-4502-9899-15A1D01B4AD8}.Release|Any CPU.Build.0 = Release|Any CPU
		{554400A3-576B-45C0-915D-3CC88FD63A6E}.Debug|Any CPU.ActiveCfg = Debug|Any CPU
		{554400A3-576B-45C0-915D-3CC88FD63A6E}.Debug|Any CPU.Build.0 = Debug|Any CPU
		{554400A3-576B-45C0-915D-3CC88FD63A6E}.Release|Any CPU.ActiveCfg = Release|Any CPU
		{554400A3-576B-45C0-915D-3CC88FD63A6E}.Release|Any CPU.Build.0 = Release|Any CPU
	EndGlobalSection
	GlobalSection(SolutionProperties) = preSolution
		HideSolutionNode = FALSE
	EndGlobalSection
	GlobalSection(NestedProjects) = preSolution
		{0AE04A89-2910-4108-9D34-C0359CC6F2DF} = {60C9583F-73E2-4C14-8FCF-A5AF3FD674BA}
		{D2E4A19E-1CF3-4DD5-BCE4-5253990F93F0} = {60C9583F-73E2-4C14-8FCF-A5AF3FD674BA}
		{55E1CC14-0AA6-4B44-A6D5-CF8894A228C6} = {60C9583F-73E2-4C14-8FCF-A5AF3FD674BA}
		{63310A2F-D049-459A-B0DF-2867AD943A8D} = {60C9583F-73E2-4C14-8FCF-A5AF3FD674BA}
		{4B927492-D2A3-4293-9EF9-10D61F995E2D} = {60C9583F-73E2-4C14-8FCF-A5AF3FD674BA}
		{1A6B5D46-7EDA-4E2A-B9A6-1ABA8C93C388} = {60C9583F-73E2-4C14-8FCF-A5AF3FD674BA}
		{CD030BE2-46DC-4A86-9BDB-02B2D7C40537} = {60C9583F-73E2-4C14-8FCF-A5AF3FD674BA}
		{4CD06A31-2FDE-42A7-B283-A0301BE13F68} = {60C9583F-73E2-4C14-8FCF-A5AF3FD674BA}
		{EFB00C35-4DA5-4397-8199-F06210FD8CD2} = {60C9583F-73E2-4C14-8FCF-A5AF3FD674BA}
		{DE56290B-DE61-4798-AFBB-892B0D400CF9} = {60C9583F-73E2-4C14-8FCF-A5AF3FD674BA}
		{10DACFA6-578E-4D23-929D-F0CB58EB8945} = {60C9583F-73E2-4C14-8FCF-A5AF3FD674BA}
		{59D7BAE3-E52F-4242-8587-D34E8F4E6385} = {60C9583F-73E2-4C14-8FCF-A5AF3FD674BA}
		{4F5508A2-A2E2-428C-A21A-E52E6FB31C88} = {60C9583F-73E2-4C14-8FCF-A5AF3FD674BA}
		{6E3ADF0B-2ED3-46A2-9E04-EEC0BC38E786} = {60C9583F-73E2-4C14-8FCF-A5AF3FD674BA}
		{66472D9D-A59B-4FD3-A6E1-299DD432C0B5} = {ED8ED56B-AB05-4E9B-A49E-2DDE2FE731AA}
		{1E96B77E-3EE1-43FB-B372-F41C65898302} = {ED8ED56B-AB05-4E9B-A49E-2DDE2FE731AA}
		{15CDF46C-9B68-44A7-B89B-02377778B323} = {ED8ED56B-AB05-4E9B-A49E-2DDE2FE731AA}
		{29FC6C59-3624-4605-91D9-3C4780509B38} = {ED8ED56B-AB05-4E9B-A49E-2DDE2FE731AA}
		{A2D41154-66B6-41BF-8889-4338F9687FAA} = {ED8ED56B-AB05-4E9B-A49E-2DDE2FE731AA}
		{3849ADD7-F1E8-4F1D-8B62-E163B316E58E} = {ED8ED56B-AB05-4E9B-A49E-2DDE2FE731AA}
		{75F2B1B5-6183-4B5F-A41F-5D0106484E4E} = {ED8ED56B-AB05-4E9B-A49E-2DDE2FE731AA}
		{E9C1C788-CBBB-46E1-80BB-6EB02498CB1B} = {ED8ED56B-AB05-4E9B-A49E-2DDE2FE731AA}
		{DB5C5EFF-2DC4-46CB-8829-6A53C8EF3E28} = {ED8ED56B-AB05-4E9B-A49E-2DDE2FE731AA}
		{4190857A-0151-4502-9899-15A1D01B4AD8} = {ED8ED56B-AB05-4E9B-A49E-2DDE2FE731AA}
		{554400A3-576B-45C0-915D-3CC88FD63A6E} = {ED8ED56B-AB05-4E9B-A49E-2DDE2FE731AA}
	EndGlobalSection
	GlobalSection(ExtensibilityGlobals) = postSolution
		SolutionGuid = {C9540F6E-2A5D-40E3-A493-7C917E03E197}
	EndGlobalSection
EndGlobal
